// !$*UTF8*$!
{
	archiveVersion = 1;
	classes = {
	};
	objectVersion = 48;
	objects = {

/* Begin PBXBuildFile section */
		CB4B8A3C1FB6FC750089C80E /* ListStudentsViewController.swift in Sources */ = {isa = PBXBuildFile; fileRef = CB4B8A3A1FB6FC750089C80E /* ListStudentsViewController.swift */; };
		CB4B8A3D1FB6FC750089C80E /* ListStudentsViewController.xib in Resources */ = {isa = PBXBuildFile; fileRef = CB4B8A3B1FB6FC750089C80E /* ListStudentsViewController.xib */; };
		CB4B8A411FB7041B0089C80E /* ListStudentsTableViewCell.swift in Sources */ = {isa = PBXBuildFile; fileRef = CB4B8A3F1FB7041B0089C80E /* ListStudentsTableViewCell.swift */; };
		CB4B8A421FB7041B0089C80E /* ListStudentsTableViewCell.xib in Resources */ = {isa = PBXBuildFile; fileRef = CB4B8A401FB7041B0089C80E /* ListStudentsTableViewCell.xib */; };
		CB4B8A4E1FB7138C0089C80E /* Models.xcdatamodeld in Sources */ = {isa = PBXBuildFile; fileRef = CB4B8A4C1FB7138C0089C80E /* Models.xcdatamodeld */; };
		CB4B8A531FB7142C0089C80E /* Students+CoreDataClass.swift in Sources */ = {isa = PBXBuildFile; fileRef = CB4B8A4F1FB7142C0089C80E /* Students+CoreDataClass.swift */; };
		CB4B8A541FB7142C0089C80E /* Students+CoreDataProperties.swift in Sources */ = {isa = PBXBuildFile; fileRef = CB4B8A501FB7142C0089C80E /* Students+CoreDataProperties.swift */; };
		CB4B8A551FB7142C0089C80E /* Class+CoreDataClass.swift in Sources */ = {isa = PBXBuildFile; fileRef = CB4B8A511FB7142C0089C80E /* Class+CoreDataClass.swift */; };
		CB4B8A561FB7142C0089C80E /* Class+CoreDataProperties.swift in Sources */ = {isa = PBXBuildFile; fileRef = CB4B8A521FB7142C0089C80E /* Class+CoreDataProperties.swift */; };
		CBA9E7331FB685C40042ED0D /* AppDelegate.swift in Sources */ = {isa = PBXBuildFile; fileRef = CBA9E7321FB685C40042ED0D /* AppDelegate.swift */; };
		CBA9E73A1FB685C40042ED0D /* Assets.xcassets in Resources */ = {isa = PBXBuildFile; fileRef = CBA9E7391FB685C40042ED0D /* Assets.xcassets */; };
		CBA9E73D1FB685C40042ED0D /* LaunchScreen.storyboard in Resources */ = {isa = PBXBuildFile; fileRef = CBA9E73B1FB685C40042ED0D /* LaunchScreen.storyboard */; };
		CBA9E74F1FB686EB0042ED0D /* Create.png in Resources */ = {isa = PBXBuildFile; fileRef = CBA9E74B1FB686EA0042ED0D /* Create.png */; };
		CBA9E7501FB686EB0042ED0D /* List classes.png in Resources */ = {isa = PBXBuildFile; fileRef = CBA9E74C1FB686EB0042ED0D /* List classes.png */; };
		CBA9E7511FB686EB0042ED0D /* List Students.png in Resources */ = {isa = PBXBuildFile; fileRef = CBA9E74D1FB686EB0042ED0D /* List Students.png */; };
		CBA9E7521FB686EB0042ED0D /* Update Student.png in Resources */ = {isa = PBXBuildFile; fileRef = CBA9E74E1FB686EB0042ED0D /* Update Student.png */; };
		CBA9E7591FB6944D0042ED0D /* ListClassViewController.swift in Sources */ = {isa = PBXBuildFile; fileRef = CBA9E7571FB6944D0042ED0D /* ListClassViewController.swift */; };
		CBA9E75A1FB6944D0042ED0D /* ListClassViewController.xib in Resources */ = {isa = PBXBuildFile; fileRef = CBA9E7581FB6944D0042ED0D /* ListClassViewController.xib */; };
		CBA9E75F1FB6950D0042ED0D /* ListClassCollectionViewCell.swift in Sources */ = {isa = PBXBuildFile; fileRef = CBA9E75D1FB6950D0042ED0D /* ListClassCollectionViewCell.swift */; };
		CBA9E7601FB6950D0042ED0D /* ListClassCollectionViewCell.xib in Resources */ = {isa = PBXBuildFile; fileRef = CBA9E75E1FB6950D0042ED0D /* ListClassCollectionViewCell.xib */; };
/* End PBXBuildFile section */

/* Begin PBXFileReference section */
		CB4B8A3A1FB6FC750089C80E /* ListStudentsViewController.swift */ = {isa = PBXFileReference; lastKnownFileType = sourcecode.swift; path = ListStudentsViewController.swift; sourceTree = "<group>"; };
		CB4B8A3B1FB6FC750089C80E /* ListStudentsViewController.xib */ = {isa = PBXFileReference; lastKnownFileType = file.xib; path = ListStudentsViewController.xib; sourceTree = "<group>"; };
		CB4B8A3F1FB7041B0089C80E /* ListStudentsTableViewCell.swift */ = {isa = PBXFileReference; lastKnownFileType = sourcecode.swift; path = ListStudentsTableViewCell.swift; sourceTree = "<group>"; };
		CB4B8A401FB7041B0089C80E /* ListStudentsTableViewCell.xib */ = {isa = PBXFileReference; lastKnownFileType = file.xib; path = ListStudentsTableViewCell.xib; sourceTree = "<group>"; };
		CB4B8A4D1FB7138C0089C80E /* Models.xcdatamodel */ = {isa = PBXFileReference; lastKnownFileType = wrapper.xcdatamodel; path = Models.xcdatamodel; sourceTree = "<group>"; };
		CB4B8A4F1FB7142C0089C80E /* Students+CoreDataClass.swift */ = {isa = PBXFileReference; lastKnownFileType = sourcecode.swift; path = "Students+CoreDataClass.swift"; sourceTree = "<group>"; };
		CB4B8A501FB7142C0089C80E /* Students+CoreDataProperties.swift */ = {isa = PBXFileReference; lastKnownFileType = sourcecode.swift; path = "Students+CoreDataProperties.swift"; sourceTree = "<group>"; };
		CB4B8A511FB7142C0089C80E /* Class+CoreDataClass.swift */ = {isa = PBXFileReference; lastKnownFileType = sourcecode.swift; path = "Class+CoreDataClass.swift"; sourceTree = "<group>"; };
		CB4B8A521FB7142C0089C80E /* Class+CoreDataProperties.swift */ = {isa = PBXFileReference; lastKnownFileType = sourcecode.swift; path = "Class+CoreDataProperties.swift"; sourceTree = "<group>"; };
		CBA9E72F1FB685C40042ED0D /* ListCoreData.app */ = {isa = PBXFileReference; explicitFileType = wrapper.application; includeInIndex = 0; path = ListCoreData.app; sourceTree = BUILT_PRODUCTS_DIR; };
		CBA9E7321FB685C40042ED0D /* AppDelegate.swift */ = {isa = PBXFileReference; lastKnownFileType = sourcecode.swift; path = AppDelegate.swift; sourceTree = "<group>"; };
		CBA9E7391FB685C40042ED0D /* Assets.xcassets */ = {isa = PBXFileReference; lastKnownFileType = folder.assetcatalog; path = Assets.xcassets; sourceTree = "<group>"; };
		CBA9E73C1FB685C40042ED0D /* Base */ = {isa = PBXFileReference; lastKnownFileType = file.storyboard; name = Base; path = Base.lproj/LaunchScreen.storyboard; sourceTree = "<group>"; };
		CBA9E73E1FB685C40042ED0D /* Info.plist */ = {isa = PBXFileReference; lastKnownFileType = text.plist.xml; path = Info.plist; sourceTree = "<group>"; };
		CBA9E74B1FB686EA0042ED0D /* Create.png */ = {isa = PBXFileReference; lastKnownFileType = image.png; path = Create.png; sourceTree = "<group>"; };
		CBA9E74C1FB686EB0042ED0D /* List classes.png */ = {isa = PBXFileReference; lastKnownFileType = image.png; path = "List classes.png"; sourceTree = "<group>"; };
		CBA9E74D1FB686EB0042ED0D /* List Students.png */ = {isa = PBXFileReference; lastKnownFileType = image.png; path = "List Students.png"; sourceTree = "<group>"; };
		CBA9E74E1FB686EB0042ED0D /* Update Student.png */ = {isa = PBXFileReference; lastKnownFileType = image.png; path = "Update Student.png"; sourceTree = "<group>"; };
		CBA9E7571FB6944D0042ED0D /* ListClassViewController.swift */ = {isa = PBXFileReference; lastKnownFileType = sourcecode.swift; path = ListClassViewController.swift; sourceTree = "<group>"; };
		CBA9E7581FB6944D0042ED0D /* ListClassViewController.xib */ = {isa = PBXFileReference; lastKnownFileType = file.xib; path = ListClassViewController.xib; sourceTree = "<group>"; };
		CBA9E75D1FB6950D0042ED0D /* ListClassCollectionViewCell.swift */ = {isa = PBXFileReference; lastKnownFileType = sourcecode.swift; path = ListClassCollectionViewCell.swift; sourceTree = "<group>"; };
		CBA9E75E1FB6950D0042ED0D /* ListClassCollectionViewCell.xib */ = {isa = PBXFileReference; lastKnownFileType = file.xib; path = ListClassCollectionViewCell.xib; sourceTree = "<group>"; };
/* End PBXFileReference section */

/* Begin PBXFrameworksBuildPhase section */
		CBA9E72C1FB685C40042ED0D /* Frameworks */ = {
			isa = PBXFrameworksBuildPhase;
			buildActionMask = 2147483647;
			files = (
			);
			runOnlyForDeploymentPostprocessing = 0;
		};
/* End PBXFrameworksBuildPhase section */

/* Begin PBXGroup section */
		CB4B8A391FB6FC430089C80E /* List Student ViewController */ = {
			isa = PBXGroup;
			children = (
				CB4B8A3A1FB6FC750089C80E /* ListStudentsViewController.swift */,
				CB4B8A3B1FB6FC750089C80E /* ListStudentsViewController.xib */,
			);
			path = "List Student ViewController";
			sourceTree = "<group>";
		};
		CB4B8A3E1FB703F00089C80E /* Table View Cell */ = {
			isa = PBXGroup;
			children = (
				CB4B8A3F1FB7041B0089C80E /* ListStudentsTableViewCell.swift */,
				CB4B8A401FB7041B0089C80E /* ListStudentsTableViewCell.xib */,
			);
			path = "Table View Cell";
			sourceTree = "<group>";
		};
		CBA9E7261FB685C40042ED0D = {
			isa = PBXGroup;
			children = (
				CBA9E7311FB685C40042ED0D /* ListCoreData */,
				CBA9E74A1FB686900042ED0D /* File Sample */,
				CBA9E7301FB685C40042ED0D /* Products */,
			);
			sourceTree = "<group>";
		};
		CBA9E7301FB685C40042ED0D /* Products */ = {
			isa = PBXGroup;
			children = (
				CBA9E72F1FB685C40042ED0D /* ListCoreData.app */,
			);
			name = Products;
			sourceTree = "<group>";
		};
		CBA9E7311FB685C40042ED0D /* ListCoreData */ = {
			isa = PBXGroup;
			children = (
				CBA9E7321FB685C40042ED0D /* AppDelegate.swift */,
				CBA9E7441FB686120042ED0D /* Model */,
				CBA9E7451FB686180042ED0D /* Controller */,
				CBA9E7461FB686250042ED0D /* View */,
				CBA9E7391FB685C40042ED0D /* Assets.xcassets */,
				CBA9E73B1FB685C40042ED0D /* LaunchScreen.storyboard */,
				CBA9E73E1FB685C40042ED0D /* Info.plist */,
			);
			path = ListCoreData;
			sourceTree = "<group>";
		};
		CBA9E7441FB686120042ED0D /* Model */ = {
			isa = PBXGroup;
			children = (
				CB4B8A4C1FB7138C0089C80E /* Models.xcdatamodeld */,
				CB4B8A4F1FB7142C0089C80E /* Students+CoreDataClass.swift */,
				CB4B8A501FB7142C0089C80E /* Students+CoreDataProperties.swift */,
				CB4B8A511FB7142C0089C80E /* Class+CoreDataClass.swift */,
				CB4B8A521FB7142C0089C80E /* Class+CoreDataProperties.swift */,
			);
			path = Model;
			sourceTree = "<group>";
		};
		CBA9E7451FB686180042ED0D /* Controller */ = {
			isa = PBXGroup;
			children = (
				CB4B8A391FB6FC430089C80E /* List Student ViewController */,
				CBA9E75B1FB694BF0042ED0D /* List Class ViewController */,
			);
			path = Controller;
			sourceTree = "<group>";
		};
		CBA9E7461FB686250042ED0D /* View */ = {
			isa = PBXGroup;
			children = (
				CB4B8A3E1FB703F00089C80E /* Table View Cell */,
				CBA9E75C1FB694D10042ED0D /* Collection View Cell */,
			);
			path = View;
			sourceTree = "<group>";
		};
		CBA9E74A1FB686900042ED0D /* File Sample */ = {
			isa = PBXGroup;
			children = (
				CBA9E74B1FB686EA0042ED0D /* Create.png */,
				CBA9E74C1FB686EB0042ED0D /* List classes.png */,
				CBA9E74D1FB686EB0042ED0D /* List Students.png */,
				CBA9E74E1FB686EB0042ED0D /* Update Student.png */,
			);
			path = "File Sample";
			sourceTree = "<group>";
		};
		CBA9E75B1FB694BF0042ED0D /* List Class ViewController */ = {
			isa = PBXGroup;
			children = (
				CBA9E7571FB6944D0042ED0D /* ListClassViewController.swift */,
				CBA9E7581FB6944D0042ED0D /* ListClassViewController.xib */,
			);
			path = "List Class ViewController";
			sourceTree = "<group>";
		};
		CBA9E75C1FB694D10042ED0D /* Collection View Cell */ = {
			isa = PBXGroup;
			children = (
				CBA9E75D1FB6950D0042ED0D /* ListClassCollectionViewCell.swift */,
				CBA9E75E1FB6950D0042ED0D /* ListClassCollectionViewCell.xib */,
			);
			path = "Collection View Cell";
			sourceTree = "<group>";
		};
/* End PBXGroup section */

/* Begin PBXNativeTarget section */
		CBA9E72E1FB685C40042ED0D /* ListCoreData */ = {
			isa = PBXNativeTarget;
			buildConfigurationList = CBA9E7411FB685C40042ED0D /* Build configuration list for PBXNativeTarget "ListCoreData" */;
			buildPhases = (
				CBA9E72B1FB685C40042ED0D /* Sources */,
				CBA9E72C1FB685C40042ED0D /* Frameworks */,
				CBA9E72D1FB685C40042ED0D /* Resources */,
			);
			buildRules = (
			);
			dependencies = (
			);
			name = ListCoreData;
			productName = ListCoreData;
			productReference = CBA9E72F1FB685C40042ED0D /* ListCoreData.app */;
			productType = "com.apple.product-type.application";
		};
/* End PBXNativeTarget section */

/* Begin PBXProject section */
		CBA9E7271FB685C40042ED0D /* Project object */ = {
			isa = PBXProject;
			attributes = {
				LastSwiftUpdateCheck = 0910;
				LastUpgradeCheck = 0910;
				ORGANIZATIONNAME = "Minh Tuan";
				TargetAttributes = {
					CBA9E72E1FB685C40042ED0D = {
						CreatedOnToolsVersion = 9.1;
						ProvisioningStyle = Automatic;
					};
				};
			};
			buildConfigurationList = CBA9E72A1FB685C40042ED0D /* Build configuration list for PBXProject "ListCoreData" */;
			compatibilityVersion = "Xcode 8.0";
			developmentRegion = en;
			hasScannedForEncodings = 0;
			knownRegions = (
				en,
				Base,
			);
			mainGroup = CBA9E7261FB685C40042ED0D;
			productRefGroup = CBA9E7301FB685C40042ED0D /* Products */;
			projectDirPath = "";
			projectRoot = "";
			targets = (
				CBA9E72E1FB685C40042ED0D /* ListCoreData */,
			);
		};
/* End PBXProject section */

/* Begin PBXResourcesBuildPhase section */
		CBA9E72D1FB685C40042ED0D /* Resources */ = {
			isa = PBXResourcesBuildPhase;
			buildActionMask = 2147483647;
			files = (
				CBA9E75A1FB6944D0042ED0D /* ListClassViewController.xib in Resources */,
				CBA9E7601FB6950D0042ED0D /* ListClassCollectionViewCell.xib in Resources */,
				CBA9E74F1FB686EB0042ED0D /* Create.png in Resources */,
				CBA9E7501FB686EB0042ED0D /* List classes.png in Resources */,
				CB4B8A3D1FB6FC750089C80E /* ListStudentsViewController.xib in Resources */,
				CB4B8A421FB7041B0089C80E /* ListStudentsTableViewCell.xib in Resources */,
				CBA9E73D1FB685C40042ED0D /* LaunchScreen.storyboard in Resources */,
				CBA9E7521FB686EB0042ED0D /* Update Student.png in Resources */,
				CBA9E7511FB686EB0042ED0D /* List Students.png in Resources */,
				CBA9E73A1FB685C40042ED0D /* Assets.xcassets in Resources */,
			);
			runOnlyForDeploymentPostprocessing = 0;
		};
/* End PBXResourcesBuildPhase section */

/* Begin PBXSourcesBuildPhase section */
		CBA9E72B1FB685C40042ED0D /* Sources */ = {
			isa = PBXSourcesBuildPhase;
			buildActionMask = 2147483647;
			files = (
				CB4B8A4E1FB7138C0089C80E /* Models.xcdatamodeld in Sources */,
				CBA9E7331FB685C40042ED0D /* AppDelegate.swift in Sources */,
				CB4B8A411FB7041B0089C80E /* ListStudentsTableViewCell.swift in Sources */,
				CB4B8A551FB7142C0089C80E /* Class+CoreDataClass.swift in Sources */,
				CBA9E7591FB6944D0042ED0D /* ListClassViewController.swift in Sources */,
				CB4B8A3C1FB6FC750089C80E /* ListStudentsViewController.swift in Sources */,
				CBA9E75F1FB6950D0042ED0D /* ListClassCollectionViewCell.swift in Sources */,
				CB4B8A561FB7142C0089C80E /* Class+CoreDataProperties.swift in Sources */,
				CB4B8A531FB7142C0089C80E /* Students+CoreDataClass.swift in Sources */,
				CB4B8A541FB7142C0089C80E /* Students+CoreDataProperties.swift in Sources */,
			);
			runOnlyForDeploymentPostprocessing = 0;
		};
/* End PBXSourcesBuildPhase section */

/* Begin PBXVariantGroup section */
		CBA9E73B1FB685C40042ED0D /* LaunchScreen.storyboard */ = {
			isa = PBXVariantGroup;
			children = (
				CBA9E73C1FB685C40042ED0D /* Base */,
			);
			name = LaunchScreen.storyboard;
			sourceTree = "<group>";
		};
/* End PBXVariantGroup section */

/* Begin XCBuildConfiguration section */
		CBA9E73F1FB685C40042ED0D /* Debug */ = {
			isa = XCBuildConfiguration;
			buildSettings = {
				ALWAYS_SEARCH_USER_PATHS = NO;
				CLANG_ANALYZER_NONNULL = YES;
				CLANG_ANALYZER_NUMBER_OBJECT_CONVERSION = YES_AGGRESSIVE;
				CLANG_CXX_LANGUAGE_STANDARD = "gnu++14";
				CLANG_CXX_LIBRARY = "libc++";
				CLANG_ENABLE_MODULES = YES;
				CLANG_ENABLE_OBJC_ARC = YES;
				CLANG_WARN_BLOCK_CAPTURE_AUTORELEASING = YES;
				CLANG_WARN_BOOL_CONVERSION = YES;
				CLANG_WARN_COMMA = YES;
				CLANG_WARN_CONSTANT_CONVERSION = YES;
				CLANG_WARN_DIRECT_OBJC_ISA_USAGE = YES_ERROR;
				CLANG_WARN_DOCUMENTATION_COMMENTS = YES;
				CLANG_WARN_EMPTY_BODY = YES;
				CLANG_WARN_ENUM_CONVERSION = YES;
				CLANG_WARN_INFINITE_RECURSION = YES;
				CLANG_WARN_INT_CONVERSION = YES;
				CLANG_WARN_NON_LITERAL_NULL_CONVERSION = YES;
				CLANG_WARN_OBJC_LITERAL_CONVERSION = YES;
				CLANG_WARN_OBJC_ROOT_CLASS = YES_ERROR;
				CLANG_WARN_RANGE_LOOP_ANALYSIS = YES;
				CLANG_WARN_STRICT_PROTOTYPES = YES;
				CLANG_WARN_SUSPICIOUS_MOVE = YES;
				CLANG_WARN_UNGUARDED_AVAILABILITY = YES_AGGRESSIVE;
				CLANG_WARN_UNREACHABLE_CODE = YES;
				CLANG_WARN__DUPLICATE_METHOD_MATCH = YES;
				CODE_SIGN_IDENTITY = "iPhone Developer";
				COPY_PHASE_STRIP = NO;
				DEBUG_INFORMATION_FORMAT = dwarf;
				ENABLE_STRICT_OBJC_MSGSEND = YES;
				ENABLE_TESTABILITY = YES;
				GCC_C_LANGUAGE_STANDARD = gnu11;
				GCC_DYNAMIC_NO_PIC = NO;
				GCC_NO_COMMON_BLOCKS = YES;
				GCC_OPTIMIZATION_LEVEL = 0;
				GCC_PREPROCESSOR_DEFINITIONS = (
					"DEBUG=1",
					"$(inherited)",
				);
				GCC_WARN_64_TO_32_BIT_CONVERSION = YES;
				GCC_WARN_ABOUT_RETURN_TYPE = YES_ERROR;
				GCC_WARN_UNDECLARED_SELECTOR = YES;
				GCC_WARN_UNINITIALIZED_AUTOS = YES_AGGRESSIVE;
				GCC_WARN_UNUSED_FUNCTION = YES;
				GCC_WARN_UNUSED_VARIABLE = YES;
				IPHONEOS_DEPLOYMENT_TARGET = 11.1;
				MTL_ENABLE_DEBUG_INFO = YES;
				ONLY_ACTIVE_ARCH = YES;
				SDKROOT = iphoneos;
				SWIFT_ACTIVE_COMPILATION_CONDITIONS = DEBUG;
				SWIFT_OPTIMIZATION_LEVEL = "-Onone";
			};
			name = Debug;
		};
		CBA9E7401FB685C40042ED0D /* Release */ = {
			isa = XCBuildConfiguration;
			buildSettings = {
				ALWAYS_SEARCH_USER_PATHS = NO;
				CLANG_ANALYZER_NONNULL = YES;
				CLANG_ANALYZER_NUMBER_OBJECT_CONVERSION = YES_AGGRESSIVE;
				CLANG_CXX_LANGUAGE_STANDARD = "gnu++14";
				CLANG_CXX_LIBRARY = "libc++";
				CLANG_ENABLE_MODULES = YES;
				CLANG_ENABLE_OBJC_ARC = YES;
				CLANG_WARN_BLOCK_CAPTURE_AUTORELEASING = YES;
				CLANG_WARN_BOOL_CONVERSION = YES;
				CLANG_WARN_COMMA = YES;
				CLANG_WARN_CONSTANT_CONVERSION = YES;
				CLANG_WARN_DIRECT_OBJC_ISA_USAGE = YES_ERROR;
				CLANG_WARN_DOCUMENTATION_COMMENTS = YES;
				CLANG_WARN_EMPTY_BODY = YES;
				CLANG_WARN_ENUM_CONVERSION = YES;
				CLANG_WARN_INFINITE_RECURSION = YES;
				CLANG_WARN_INT_CONVERSION = YES;
				CLANG_WARN_NON_LITERAL_NULL_CONVERSION = YES;
				CLANG_WARN_OBJC_LITERAL_CONVERSION = YES;
				CLANG_WARN_OBJC_ROOT_CLASS = YES_ERROR;
				CLANG_WARN_RANGE_LOOP_ANALYSIS = YES;
				CLANG_WARN_STRICT_PROTOTYPES = YES;
				CLANG_WARN_SUSPICIOUS_MOVE = YES;
				CLANG_WARN_UNGUARDED_AVAILABILITY = YES_AGGRESSIVE;
				CLANG_WARN_UNREACHABLE_CODE = YES;
				CLANG_WARN__DUPLICATE_METHOD_MATCH = YES;
				CODE_SIGN_IDENTITY = "iPhone Developer";
				COPY_PHASE_STRIP = NO;
				DEBUG_INFORMATION_FORMAT = "dwarf-with-dsym";
				ENABLE_NS_ASSERTIONS = NO;
				ENABLE_STRICT_OBJC_MSGSEND = YES;
				GCC_C_LANGUAGE_STANDARD = gnu11;
				GCC_NO_COMMON_BLOCKS = YES;
				GCC_WARN_64_TO_32_BIT_CONVERSION = YES;
				GCC_WARN_ABOUT_RETURN_TYPE = YES_ERROR;
				GCC_WARN_UNDECLARED_SELECTOR = YES;
				GCC_WARN_UNINITIALIZED_AUTOS = YES_AGGRESSIVE;
				GCC_WARN_UNUSED_FUNCTION = YES;
				GCC_WARN_UNUSED_VARIABLE = YES;
				IPHONEOS_DEPLOYMENT_TARGET = 11.1;
				MTL_ENABLE_DEBUG_INFO = NO;
				SDKROOT = iphoneos;
				SWIFT_OPTIMIZATION_LEVEL = "-Owholemodule";
				VALIDATE_PRODUCT = YES;
			};
			name = Release;
		};
		CBA9E7421FB685C40042ED0D /* Debug */ = {
			isa = XCBuildConfiguration;
			buildSettings = {
				ASSETCATALOG_COMPILER_APPICON_NAME = AppIcon;
				CODE_SIGN_STYLE = Automatic;
				DEVELOPMENT_TEAM = L2B4445J52;
				INFOPLIST_FILE = ListCoreData/Info.plist;
				LD_RUNPATH_SEARCH_PATHS = "$(inherited) @executable_path/Frameworks";
				PRODUCT_BUNDLE_IDENTIFIER = ListCoreData.com.ListCoreData;
				PRODUCT_NAME = "$(TARGET_NAME)";
				SWIFT_VERSION = 4.0;
				TARGETED_DEVICE_FAMILY = "1,2";
			};
			name = Debug;
		};
		CBA9E7431FB685C40042ED0D /* Release */ = {
			isa = XCBuildConfiguration;
			buildSettings = {
				ASSETCATALOG_COMPILER_APPICON_NAME = AppIcon;
				CODE_SIGN_STYLE = Automatic;
				DEVELOPMENT_TEAM = L2B4445J52;
				INFOPLIST_FILE = ListCoreData/Info.plist;
				LD_RUNPATH_SEARCH_PATHS = "$(inherited) @executable_path/Frameworks";
				PRODUCT_BUNDLE_IDENTIFIER = ListCoreData.com.ListCoreData;
				PRODUCT_NAME = "$(TARGET_NAME)";
				SWIFT_VERSION = 4.0;
				TARGETED_DEVICE_FAMILY = "1,2";
			};
			name = Release;
		};
/* End XCBuildConfiguration section */

/* Begin XCConfigurationList section */
		CBA9E72A1FB685C40042ED0D /* Build configuration list for PBXProject "ListCoreData" */ = {
			isa = XCConfigurationList;
			buildConfigurations = (
				CBA9E73F1FB685C40042ED0D /* Debug */,
				CBA9E7401FB685C40042ED0D /* Release */,
			);
			defaultConfigurationIsVisible = 0;
			defaultConfigurationName = Release;
		};
		CBA9E7411FB685C40042ED0D /* Build configuration list for PBXNativeTarget "ListCoreData" */ = {
			isa = XCConfigurationList;
			buildConfigurations = (
				CBA9E7421FB685C40042ED0D /* Debug */,
				CBA9E7431FB685C40042ED0D /* Release */,
			);
			defaultConfigurationIsVisible = 0;
			defaultConfigurationName = Release;
		};
/* End XCConfigurationList section */

/* Begin XCVersionGroup section */
		CB4B8A4C1FB7138C0089C80E /* Models.xcdatamodeld */ = {
			isa = XCVersionGroup;
			children = (
				CB4B8A4D1FB7138C0089C80E /* Models.xcdatamodel */,
			);
			currentVersion = CB4B8A4D1FB7138C0089C80E /* Models.xcdatamodel */;
			path = Models.xcdatamodeld;
			sourceTree = "<group>";
			versionGroupType = wrapper.xcdatamodel;
		};
/* End XCVersionGroup section */
	};
	rootObject = CBA9E7271FB685C40042ED0D /* Project object */;
}
